
Microsoft Visual Studio Solution File, Format Version 12.00
# Visual Studio Version 17
VisualStudioVersion = 17.10.34916.146
MinimumVisualStudioVersion = 10.0.40219.1
Project("{2150E333-8FDC-42A3-9474-1A3956D46DE8}") = "src", "src", "{F7BC1434-34A8-4405-886F-45A82E78436D}"
EndProject
Project("{2150E333-8FDC-42A3-9474-1A3956D46DE8}") = "Presentations", "Presentations", "{A1D19376-F537-4CC3-B693-28FCDE910A3A}"
EndProject
Project("{2150E333-8FDC-42A3-9474-1A3956D46DE8}") = "Backends", "Backends", "{49DC432E-322D-4F82-9758-57A547DE347D}"
EndProject
Project("{FAE04EC0-301F-11D3-BF4B-00C04F79EFBC}") = "MiniECommerce.WebAPI", "src\Presentations\Backends\MiniECommerce.WebAPI\MiniECommerce.WebAPI.csproj", "{7E7DDC81-8DC5-4EBA-851A-C52706285D84}"
EndProject
Project("{2150E333-8FDC-42A3-9474-1A3956D46DE8}") = "Core", "Core", "{0A48A47E-70C4-4B3B-A8E5-2CAFE9634400}"
EndProject
Project("{FAE04EC0-301F-11D3-BF4B-00C04F79EFBC}") = "Application", "src\Core\Application\Application.csproj", "{1312344F-3919-4895-97DE-6CD05FA0B3E1}"
EndProject
Project("{FAE04EC0-301F-11D3-BF4B-00C04F79EFBC}") = "Domain", "src\Core\Domain\Domain.csproj", "{D6622B0D-69BC-4678-AEB4-3AD217925674}"
EndProject
Project("{2150E333-8FDC-42A3-9474-1A3956D46DE8}") = "Infrastructure", "Infrastructure", "{E04A76FE-3107-4FCC-A7F6-04D4A7924D20}"
EndProject
Project("{FAE04EC0-301F-11D3-BF4B-00C04F79EFBC}") = "Infrastructure", "src\Infrastructure\Infrastructure\Infrastructure.csproj", "{019427DB-A7E7-4B96-8327-CCC47118B6A3}"
EndProject
Project("{FAE04EC0-301F-11D3-BF4B-00C04F79EFBC}") = "Persistence", "src\Infrastructure\Persistence\Persistence.csproj", "{254C9C01-98C0-4C62-A4A0-6F85A9DBC98C}"
EndProject
Global
	GlobalSection(SolutionConfigurationPlatforms) = preSolution
		Debug|Any CPU = Debug|Any CPU
		Release|Any CPU = Release|Any CPU
	EndGlobalSection
	GlobalSection(ProjectConfigurationPlatforms) = postSolution
		{7E7DDC81-8DC5-4EBA-851A-C52706285D84}.Debug|Any CPU.ActiveCfg = Debug|Any CPU
		{7E7DDC81-8DC5-4EBA-851A-C52706285D84}.Debug|Any CPU.Build.0 = Debug|Any CPU
		{7E7DDC81-8DC5-4EBA-851A-C52706285D84}.Release|Any CPU.ActiveCfg = Release|Any CPU
		{7E7DDC81-8DC5-4EBA-851A-C52706285D84}.Release|Any CPU.Build.0 = Release|Any CPU
		{1312344F-3919-4895-97DE-6CD05FA0B3E1}.Debug|Any CPU.ActiveCfg = Debug|Any CPU
		{1312344F-3919-4895-97DE-6CD05FA0B3E1}.Debug|Any CPU.Build.0 = Debug|Any CPU
		{1312344F-3919-4895-97DE-6CD05FA0B3E1}.Release|Any CPU.ActiveCfg = Release|Any CPU
		{1312344F-3919-4895-97DE-6CD05FA0B3E1}.Release|Any CPU.Build.0 = Release|Any CPU
		{D6622B0D-69BC-4678-AEB4-3AD217925674}.Debug|Any CPU.ActiveCfg = Debug|Any CPU
		{D6622B0D-69BC-4678-AEB4-3AD217925674}.Debug|Any CPU.Build.0 = Debug|Any CPU
		{D6622B0D-69BC-4678-AEB4-3AD217925674}.Release|Any CPU.ActiveCfg = Release|Any CPU
		{D6622B0D-69BC-4678-AEB4-3AD217925674}.Release|Any CPU.Build.0 = Release|Any CPU
		{019427DB-A7E7-4B96-8327-CCC47118B6A3}.Debug|Any CPU.ActiveCfg = Debug|Any CPU
		{019427DB-A7E7-4B96-8327-CCC47118B6A3}.Debug|Any CPU.Build.0 = Debug|Any CPU
		{019427DB-A7E7-4B96-8327-CCC47118B6A3}.Release|Any CPU.ActiveCfg = Release|Any CPU
		{019427DB-A7E7-4B96-8327-CCC47118B6A3}.Release|Any CPU.Build.0 = Release|Any CPU
		{254C9C01-98C0-4C62-A4A0-6F85A9DBC98C}.Debug|Any CPU.ActiveCfg = Debug|Any CPU
		{254C9C01-98C0-4C62-A4A0-6F85A9DBC98C}.Debug|Any CPU.Build.0 = Debug|Any CPU
		{254C9C01-98C0-4C62-A4A0-6F85A9DBC98C}.Release|Any CPU.ActiveCfg = Release|Any CPU
		{254C9C01-98C0-4C62-A4A0-6F85A9DBC98C}.Release|Any CPU.Build.0 = Release|Any CPU
	EndGlobalSection
	GlobalSection(SolutionProperties) = preSolution
		HideSolutionNode = FALSE
	EndGlobalSection
	GlobalSection(NestedProjects) = preSolution
		{A1D19376-F537-4CC3-B693-28FCDE910A3A} = {F7BC1434-34A8-4405-886F-45A82E78436D}
		{49DC432E-322D-4F82-9758-57A547DE347D} = {A1D19376-F537-4CC3-B693-28FCDE910A3A}
		{7E7DDC81-8DC5-4EBA-851A-C52706285D84} = {49DC432E-322D-4F82-9758-57A547DE347D}
		{0A48A47E-70C4-4B3B-A8E5-2CAFE9634400} = {F7BC1434-34A8-4405-886F-45A82E78436D}
		{1312344F-3919-4895-97DE-6CD05FA0B3E1} = {0A48A47E-70C4-4B3B-A8E5-2CAFE9634400}
		{D6622B0D-69BC-4678-AEB4-3AD217925674} = {0A48A47E-70C4-4B3B-A8E5-2CAFE9634400}
		{E04A76FE-3107-4FCC-A7F6-04D4A7924D20} = {F7BC1434-34A8-4405-886F-45A82E78436D}
		{019427DB-A7E7-4B96-8327-CCC47118B6A3} = {E04A76FE-3107-4FCC-A7F6-04D4A7924D20}
		{254C9C01-98C0-4C62-A4A0-6F85A9DBC98C} = {E04A76FE-3107-4FCC-A7F6-04D4A7924D20}
	EndGlobalSection
	GlobalSection(ExtensibilityGlobals) = postSolution
		SolutionGuid = {0315C621-3F6C-475F-86C1-B9BA5C898B90}
	EndGlobalSection
EndGlobal
